
Microsoft Visual Studio Solution File, Format Version 12.00
# Visual Studio Version 17
VisualStudioVersion = 17.3.32922.545
MinimumVisualStudioVersion = 10.0.40219.1
Project("{8BC9CEB8-8B4A-11D0-8D11-00A0C91BC942}") = "Client", "Client\Client.vcxproj", "{50F03673-7DFA-4DE3-BDF2-11D73CCA6DBA}"
EndProject
Project("{8BC9CEB8-8B4A-11D0-8D11-00A0C91BC942}") = "Server", "Server\Server.vcxproj", "{FF722B9F-BDD4-4280-84A9-74A557E4E4D7}"
EndProject
Global
	GlobalSection(SolutionConfigurationPlatforms) = preSolution
		Debug|x64 = Debug|x64
		Debug|x86 = Debug|x86
		Release|x64 = Release|x64
		Release|x86 = Release|x86
	EndGlobalSection
	GlobalSection(ProjectConfigurationPlatforms) = postSolution
		{50F03673-7DFA-4DE3-BDF2-11D73CCA6DBA}.Debug|x64.ActiveCfg = Debug|x64
		{50F03673-7DFA-4DE3-BDF2-11D73CCA6DBA}.Debug|x64.Build.0 = Debug|x64
		{50F03673-7DFA-4DE3-BDF2-11D73CCA6DBA}.Debug|x86.ActiveCfg = Debug|Win32
		{50F03673-7DFA-4DE3-BDF2-11D73CCA6DBA}.Debug|x86.Build.0 = Debug|Win32
		{50F03673-7DFA-4DE3-BDF2-11D73CCA6DBA}.Release|x64.ActiveCfg = Release|x64
		{50F03673-7DFA-4DE3-BDF2-11D73CCA6DBA}.Release|x64.Build.0 = Release|x64
		{50F03673-7DFA-4DE3-BDF2-11D73CCA6DBA}.Release|x86.ActiveCfg = Release|Win32
		{50F03673-7DFA-4DE3-BDF2-11D73CCA6DBA}.Release|x86.Build.0 = Release|Win32
		{FF722B9F-BDD4-4280-84A9-74A557E4E4D7}.Debug|x64.ActiveCfg = Debug|x64
		{FF722B9F-BDD4-4280-84A9-74A557E4E4D7}.Debug|x64.Build.0 = Debug|x64
		{FF722B9F-BDD4-4280-84A9-74A557E4E4D7}.Debug|x86.ActiveCfg = Debug|Win32
		{FF722B9F-BDD4-4280-84A9-74A557E4E4D7}.Debug|x86.Build.0 = Debug|Win32
		{FF722B9F-BDD4-4280-84A9-74A557E4E4D7}.Release|x64.ActiveCfg = Release|x64
		{FF722B9F-BDD4-4280-84A9-74A557E4E4D7}.Release|x64.Build.0 = Release|x64
		{FF722B9F-BDD4-4280-84A9-74A557E4E4D7}.Release|x86.ActiveCfg = Release|Win32
		{FF722B9F-BDD4-4280-84A9-74A557E4E4D7}.Release|x86.Build.0 = Release|Win32
	EndGlobalSection
	GlobalSection(SolutionProperties) = preSolution
		HideSolutionNode = FALSE
	EndGlobalSection
	GlobalSection(ExtensibilityGlobals) = postSolution
		SolutionGuid = {A0DE2A8B-C06F-4324-8581-4257936DE292}
	EndGlobalSection
EndGlobal
